
Microsoft Visual Studio Solution File, Format Version 12.00
# Visual Studio 2012
Project("{FAE04EC0-301F-11D3-BF4B-00C04F79EFBC}") = "AsynchronousCollection", "ConsoleApplication3\AsynchronousCollection.csproj", "{0EAA4943-8244-4E9E-8B29-4AA9ADDA758B}"
EndProject
Global
	GlobalSection(SolutionConfigurationPlatforms) = preSolution
		Debug|Any CPU = Debug|Any CPU
		Release|Any CPU = Release|Any CPU
	EndGlobalSection
	GlobalSection(ProjectConfigurationPlatforms) = postSolution
		{0EAA4943-8244-4E9E-8B29-4AA9ADDA758B}.Debug|Any CPU.ActiveCfg = Debug|Any CPU
		{0EAA4943-8244-4E9E-8B29-4AA9ADDA758B}.Debug|Any CPU.Build.0 = Debug|Any CPU
		{0EAA4943-8244-4E9E-8B29-4AA9ADDA758B}.Release|Any CPU.ActiveCfg = Release|Any CPU
		{0EAA4943-8244-4E9E-8B29-4AA9ADDA758B}.Release|Any CPU.Build.0 = Release|Any CPU
	EndGlobalSection
	GlobalSection(SolutionProperties) = preSolution
		HideSolutionNode = FALSE
	EndGlobalSection
EndGlobal
