
Microsoft Visual Studio Solution File, Format Version 12.00
# Visual Studio 2012
Project("{FAE04EC0-301F-11D3-BF4B-00C04F79EFBC}") = "DataBindingWPF", "DataBindingWPF\DataBindingWPF.csproj", "{78EA8075-0C46-479A-919E-4D15FC50A19C}"
EndProject
Project("{FAE04EC0-301F-11D3-BF4B-00C04F79EFBC}") = "DataBindingWindowsForms", "DataBindingWindowsForms\DataBindingWindowsForms.csproj", "{3A1500DA-616B-4208-878E-899ED35CD121}"
EndProject
Project("{FAE04EC0-301F-11D3-BF4B-00C04F79EFBC}") = "DefaultSyncConext", "DefaultSyncConext\DefaultSyncConext.csproj", "{62194A19-837D-4E35-B8E4-2EFEA905AF07}"
EndProject
Project("{FAE04EC0-301F-11D3-BF4B-00C04F79EFBC}") = "SynchronizationContextWPF", "SynchronizationContextWPF\SynchronizationContextWPF.csproj", "{6968589A-032B-4F46-934D-593C56B8970D}"
EndProject
Project("{FAE04EC0-301F-11D3-BF4B-00C04F79EFBC}") = "AsyncOpManager", "AsyncOpManager\AsyncOpManager.csproj", "{99625666-DB8E-47E4-9862-0A7A19231533}"
EndProject
Project("{FAE04EC0-301F-11D3-BF4B-00C04F79EFBC}") = "EAP", "EAP\EAP.csproj", "{3F09488A-2498-4C16-9468-F2EAF3333E89}"
EndProject
Project("{FAE04EC0-301F-11D3-BF4B-00C04F79EFBC}") = "UsingBackgroundWorker", "UsingBackgroundWorker\UsingBackgroundWorker.csproj", "{8E2AD8E5-E8FB-443E-826A-2959CD2D95C0}"
EndProject
Project("{FAE04EC0-301F-11D3-BF4B-00C04F79EFBC}") = "DataBindingCollectionsWPF", "DataBindingCollectionsWPF\DataBindingCollectionsWPF.csproj", "{359C3128-A49A-4717-B481-A461B0F3832A}"
EndProject
Project("{FAE04EC0-301F-11D3-BF4B-00C04F79EFBC}") = "TooMuchOfAGoodThing", "TooMuchOfAGoodThing\TooMuchOfAGoodThing.csproj", "{D57A8005-39AF-4943-86DD-90C4356DA158}"
EndProject
Project("{FAE04EC0-301F-11D3-BF4B-00C04F79EFBC}") = "DispatcherWPF", "DispatcherWPF\DispatcherWPF.csproj", "{D69A6EAD-3897-4C10-898C-D6C3217F6A44}"
EndProject
Project("{FAE04EC0-301F-11D3-BF4B-00C04F79EFBC}") = "FreezableWPF", "FreezableWPF\FreezableWPF.csproj", "{90ECB945-6327-4952-9AAB-3AE363A9B285}"
EndProject
Project("{FAE04EC0-301F-11D3-BF4B-00C04F79EFBC}") = "WinFormsClock", "WinFormsClock\WinFormsClock.csproj", "{38247B62-82BF-4C53-A4A6-9FFEDC88EB95}"
EndProject
Project("{FAE04EC0-301F-11D3-BF4B-00C04F79EFBC}") = "WinRTDispatcher", "WinRTDispatcher\WinRTDispatcher.csproj", "{C7FE7410-7FDF-4715-BFA7-6854B1A6322E}"
EndProject
Global
	GlobalSection(SolutionConfigurationPlatforms) = preSolution
		Debug|Any CPU = Debug|Any CPU
		Debug|ARM = Debug|ARM
		Debug|x64 = Debug|x64
		Debug|x86 = Debug|x86
		Release|Any CPU = Release|Any CPU
		Release|ARM = Release|ARM
		Release|x64 = Release|x64
		Release|x86 = Release|x86
	EndGlobalSection
	GlobalSection(ProjectConfigurationPlatforms) = postSolution
		{78EA8075-0C46-479A-919E-4D15FC50A19C}.Debug|Any CPU.ActiveCfg = Debug|Any CPU
		{78EA8075-0C46-479A-919E-4D15FC50A19C}.Debug|Any CPU.Build.0 = Debug|Any CPU
		{78EA8075-0C46-479A-919E-4D15FC50A19C}.Debug|ARM.ActiveCfg = Debug|Any CPU
		{78EA8075-0C46-479A-919E-4D15FC50A19C}.Debug|x64.ActiveCfg = Debug|Any CPU
		{78EA8075-0C46-479A-919E-4D15FC50A19C}.Debug|x86.ActiveCfg = Debug|Any CPU
		{78EA8075-0C46-479A-919E-4D15FC50A19C}.Release|Any CPU.ActiveCfg = Release|Any CPU
		{78EA8075-0C46-479A-919E-4D15FC50A19C}.Release|Any CPU.Build.0 = Release|Any CPU
		{78EA8075-0C46-479A-919E-4D15FC50A19C}.Release|ARM.ActiveCfg = Release|Any CPU
		{78EA8075-0C46-479A-919E-4D15FC50A19C}.Release|x64.ActiveCfg = Release|Any CPU
		{78EA8075-0C46-479A-919E-4D15FC50A19C}.Release|x86.ActiveCfg = Release|Any CPU
		{3A1500DA-616B-4208-878E-899ED35CD121}.Debug|Any CPU.ActiveCfg = Debug|Any CPU
		{3A1500DA-616B-4208-878E-899ED35CD121}.Debug|Any CPU.Build.0 = Debug|Any CPU
		{3A1500DA-616B-4208-878E-899ED35CD121}.Debug|ARM.ActiveCfg = Debug|Any CPU
		{3A1500DA-616B-4208-878E-899ED35CD121}.Debug|x64.ActiveCfg = Debug|Any CPU
		{3A1500DA-616B-4208-878E-899ED35CD121}.Debug|x86.ActiveCfg = Debug|Any CPU
		{3A1500DA-616B-4208-878E-899ED35CD121}.Release|Any CPU.ActiveCfg = Release|Any CPU
		{3A1500DA-616B-4208-878E-899ED35CD121}.Release|Any CPU.Build.0 = Release|Any CPU
		{3A1500DA-616B-4208-878E-899ED35CD121}.Release|ARM.ActiveCfg = Release|Any CPU
		{3A1500DA-616B-4208-878E-899ED35CD121}.Release|x64.ActiveCfg = Release|Any CPU
		{3A1500DA-616B-4208-878E-899ED35CD121}.Release|x86.ActiveCfg = Release|Any CPU
		{62194A19-837D-4E35-B8E4-2EFEA905AF07}.Debug|Any CPU.ActiveCfg = Debug|Any CPU
		{62194A19-837D-4E35-B8E4-2EFEA905AF07}.Debug|Any CPU.Build.0 = Debug|Any CPU
		{62194A19-837D-4E35-B8E4-2EFEA905AF07}.Debug|ARM.ActiveCfg = Debug|Any CPU
		{62194A19-837D-4E35-B8E4-2EFEA905AF07}.Debug|x64.ActiveCfg = Debug|Any CPU
		{62194A19-837D-4E35-B8E4-2EFEA905AF07}.Debug|x86.ActiveCfg = Debug|Any CPU
		{62194A19-837D-4E35-B8E4-2EFEA905AF07}.Release|Any CPU.ActiveCfg = Release|Any CPU
		{62194A19-837D-4E35-B8E4-2EFEA905AF07}.Release|Any CPU.Build.0 = Release|Any CPU
		{62194A19-837D-4E35-B8E4-2EFEA905AF07}.Release|ARM.ActiveCfg = Release|Any CPU
		{62194A19-837D-4E35-B8E4-2EFEA905AF07}.Release|x64.ActiveCfg = Release|Any CPU
		{62194A19-837D-4E35-B8E4-2EFEA905AF07}.Release|x86.ActiveCfg = Release|Any CPU
		{6968589A-032B-4F46-934D-593C56B8970D}.Debug|Any CPU.ActiveCfg = Debug|Any CPU
		{6968589A-032B-4F46-934D-593C56B8970D}.Debug|Any CPU.Build.0 = Debug|Any CPU
		{6968589A-032B-4F46-934D-593C56B8970D}.Debug|ARM.ActiveCfg = Debug|Any CPU
		{6968589A-032B-4F46-934D-593C56B8970D}.Debug|x64.ActiveCfg = Debug|Any CPU
		{6968589A-032B-4F46-934D-593C56B8970D}.Debug|x86.ActiveCfg = Debug|Any CPU
		{6968589A-032B-4F46-934D-593C56B8970D}.Release|Any CPU.ActiveCfg = Release|Any CPU
		{6968589A-032B-4F46-934D-593C56B8970D}.Release|Any CPU.Build.0 = Release|Any CPU
		{6968589A-032B-4F46-934D-593C56B8970D}.Release|ARM.ActiveCfg = Release|Any CPU
		{6968589A-032B-4F46-934D-593C56B8970D}.Release|x64.ActiveCfg = Release|Any CPU
		{6968589A-032B-4F46-934D-593C56B8970D}.Release|x86.ActiveCfg = Release|Any CPU
		{99625666-DB8E-47E4-9862-0A7A19231533}.Debug|Any CPU.ActiveCfg = Debug|Any CPU
		{99625666-DB8E-47E4-9862-0A7A19231533}.Debug|Any CPU.Build.0 = Debug|Any CPU
		{99625666-DB8E-47E4-9862-0A7A19231533}.Debug|ARM.ActiveCfg = Debug|Any CPU
		{99625666-DB8E-47E4-9862-0A7A19231533}.Debug|x64.ActiveCfg = Debug|Any CPU
		{99625666-DB8E-47E4-9862-0A7A19231533}.Debug|x86.ActiveCfg = Debug|Any CPU
		{99625666-DB8E-47E4-9862-0A7A19231533}.Release|Any CPU.ActiveCfg = Release|Any CPU
		{99625666-DB8E-47E4-9862-0A7A19231533}.Release|Any CPU.Build.0 = Release|Any CPU
		{99625666-DB8E-47E4-9862-0A7A19231533}.Release|ARM.ActiveCfg = Release|Any CPU
		{99625666-DB8E-47E4-9862-0A7A19231533}.Release|x64.ActiveCfg = Release|Any CPU
		{99625666-DB8E-47E4-9862-0A7A19231533}.Release|x86.ActiveCfg = Release|Any CPU
		{3F09488A-2498-4C16-9468-F2EAF3333E89}.Debug|Any CPU.ActiveCfg = Debug|Any CPU
		{3F09488A-2498-4C16-9468-F2EAF3333E89}.Debug|Any CPU.Build.0 = Debug|Any CPU
		{3F09488A-2498-4C16-9468-F2EAF3333E89}.Debug|ARM.ActiveCfg = Debug|Any CPU
		{3F09488A-2498-4C16-9468-F2EAF3333E89}.Debug|x64.ActiveCfg = Debug|Any CPU
		{3F09488A-2498-4C16-9468-F2EAF3333E89}.Debug|x86.ActiveCfg = Debug|Any CPU
		{3F09488A-2498-4C16-9468-F2EAF3333E89}.Release|Any CPU.ActiveCfg = Release|Any CPU
		{3F09488A-2498-4C16-9468-F2EAF3333E89}.Release|Any CPU.Build.0 = Release|Any CPU
		{3F09488A-2498-4C16-9468-F2EAF3333E89}.Release|ARM.ActiveCfg = Release|Any CPU
		{3F09488A-2498-4C16-9468-F2EAF3333E89}.Release|x64.ActiveCfg = Release|Any CPU
		{3F09488A-2498-4C16-9468-F2EAF3333E89}.Release|x86.ActiveCfg = Release|Any CPU
		{8E2AD8E5-E8FB-443E-826A-2959CD2D95C0}.Debug|Any CPU.ActiveCfg = Debug|Any CPU
		{8E2AD8E5-E8FB-443E-826A-2959CD2D95C0}.Debug|Any CPU.Build.0 = Debug|Any CPU
		{8E2AD8E5-E8FB-443E-826A-2959CD2D95C0}.Debug|ARM.ActiveCfg = Debug|Any CPU
		{8E2AD8E5-E8FB-443E-826A-2959CD2D95C0}.Debug|x64.ActiveCfg = Debug|Any CPU
		{8E2AD8E5-E8FB-443E-826A-2959CD2D95C0}.Debug|x86.ActiveCfg = Debug|Any CPU
		{8E2AD8E5-E8FB-443E-826A-2959CD2D95C0}.Release|Any CPU.ActiveCfg = Release|Any CPU
		{8E2AD8E5-E8FB-443E-826A-2959CD2D95C0}.Release|Any CPU.Build.0 = Release|Any CPU
		{8E2AD8E5-E8FB-443E-826A-2959CD2D95C0}.Release|ARM.ActiveCfg = Release|Any CPU
		{8E2AD8E5-E8FB-443E-826A-2959CD2D95C0}.Release|x64.ActiveCfg = Release|Any CPU
		{8E2AD8E5-E8FB-443E-826A-2959CD2D95C0}.Release|x86.ActiveCfg = Release|Any CPU
		{359C3128-A49A-4717-B481-A461B0F3832A}.Debug|Any CPU.ActiveCfg = Debug|Any CPU
		{359C3128-A49A-4717-B481-A461B0F3832A}.Debug|Any CPU.Build.0 = Debug|Any CPU
		{359C3128-A49A-4717-B481-A461B0F3832A}.Debug|ARM.ActiveCfg = Debug|Any CPU
		{359C3128-A49A-4717-B481-A461B0F3832A}.Debug|x64.ActiveCfg = Debug|Any CPU
		{359C3128-A49A-4717-B481-A461B0F3832A}.Debug|x86.ActiveCfg = Debug|Any CPU
		{359C3128-A49A-4717-B481-A461B0F3832A}.Release|Any CPU.ActiveCfg = Release|Any CPU
		{359C3128-A49A-4717-B481-A461B0F3832A}.Release|Any CPU.Build.0 = Release|Any CPU
		{359C3128-A49A-4717-B481-A461B0F3832A}.Release|ARM.ActiveCfg = Release|Any CPU
		{359C3128-A49A-4717-B481-A461B0F3832A}.Release|x64.ActiveCfg = Release|Any CPU
		{359C3128-A49A-4717-B481-A461B0F3832A}.Release|x86.ActiveCfg = Release|Any CPU
		{D57A8005-39AF-4943-86DD-90C4356DA158}.Debug|Any CPU.ActiveCfg = Debug|Any CPU
		{D57A8005-39AF-4943-86DD-90C4356DA158}.Debug|Any CPU.Build.0 = Debug|Any CPU
		{D57A8005-39AF-4943-86DD-90C4356DA158}.Debug|ARM.ActiveCfg = Debug|Any CPU
		{D57A8005-39AF-4943-86DD-90C4356DA158}.Debug|x64.ActiveCfg = Debug|Any CPU
		{D57A8005-39AF-4943-86DD-90C4356DA158}.Debug|x86.ActiveCfg = Debug|Any CPU
		{D57A8005-39AF-4943-86DD-90C4356DA158}.Release|Any CPU.ActiveCfg = Release|Any CPU
		{D57A8005-39AF-4943-86DD-90C4356DA158}.Release|Any CPU.Build.0 = Release|Any CPU
		{D57A8005-39AF-4943-86DD-90C4356DA158}.Release|ARM.ActiveCfg = Release|Any CPU
		{D57A8005-39AF-4943-86DD-90C4356DA158}.Release|x64.ActiveCfg = Release|Any CPU
		{D57A8005-39AF-4943-86DD-90C4356DA158}.Release|x86.ActiveCfg = Release|Any CPU
		{D69A6EAD-3897-4C10-898C-D6C3217F6A44}.Debug|Any CPU.ActiveCfg = Debug|Any CPU
		{D69A6EAD-3897-4C10-898C-D6C3217F6A44}.Debug|Any CPU.Build.0 = Debug|Any CPU
		{D69A6EAD-3897-4C10-898C-D6C3217F6A44}.Debug|ARM.ActiveCfg = Debug|Any CPU
		{D69A6EAD-3897-4C10-898C-D6C3217F6A44}.Debug|x64.ActiveCfg = Debug|Any CPU
		{D69A6EAD-3897-4C10-898C-D6C3217F6A44}.Debug|x86.ActiveCfg = Debug|Any CPU
		{D69A6EAD-3897-4C10-898C-D6C3217F6A44}.Release|Any CPU.ActiveCfg = Release|Any CPU
		{D69A6EAD-3897-4C10-898C-D6C3217F6A44}.Release|Any CPU.Build.0 = Release|Any CPU
		{D69A6EAD-3897-4C10-898C-D6C3217F6A44}.Release|ARM.ActiveCfg = Release|Any CPU
		{D69A6EAD-3897-4C10-898C-D6C3217F6A44}.Release|x64.ActiveCfg = Release|Any CPU
		{D69A6EAD-3897-4C10-898C-D6C3217F6A44}.Release|x86.ActiveCfg = Release|Any CPU
		{90ECB945-6327-4952-9AAB-3AE363A9B285}.Debug|Any CPU.ActiveCfg = Debug|Any CPU
		{90ECB945-6327-4952-9AAB-3AE363A9B285}.Debug|Any CPU.Build.0 = Debug|Any CPU
		{90ECB945-6327-4952-9AAB-3AE363A9B285}.Debug|ARM.ActiveCfg = Debug|Any CPU
		{90ECB945-6327-4952-9AAB-3AE363A9B285}.Debug|x64.ActiveCfg = Debug|Any CPU
		{90ECB945-6327-4952-9AAB-3AE363A9B285}.Debug|x86.ActiveCfg = Debug|Any CPU
		{90ECB945-6327-4952-9AAB-3AE363A9B285}.Release|Any CPU.ActiveCfg = Release|Any CPU
		{90ECB945-6327-4952-9AAB-3AE363A9B285}.Release|Any CPU.Build.0 = Release|Any CPU
		{90ECB945-6327-4952-9AAB-3AE363A9B285}.Release|ARM.ActiveCfg = Release|Any CPU
		{90ECB945-6327-4952-9AAB-3AE363A9B285}.Release|x64.ActiveCfg = Release|Any CPU
		{90ECB945-6327-4952-9AAB-3AE363A9B285}.Release|x86.ActiveCfg = Release|Any CPU
		{38247B62-82BF-4C53-A4A6-9FFEDC88EB95}.Debug|Any CPU.ActiveCfg = Debug|Any CPU
		{38247B62-82BF-4C53-A4A6-9FFEDC88EB95}.Debug|Any CPU.Build.0 = Debug|Any CPU
		{38247B62-82BF-4C53-A4A6-9FFEDC88EB95}.Debug|ARM.ActiveCfg = Debug|Any CPU
		{38247B62-82BF-4C53-A4A6-9FFEDC88EB95}.Debug|x64.ActiveCfg = Debug|Any CPU
		{38247B62-82BF-4C53-A4A6-9FFEDC88EB95}.Debug|x86.ActiveCfg = Debug|Any CPU
		{38247B62-82BF-4C53-A4A6-9FFEDC88EB95}.Release|Any CPU.ActiveCfg = Release|Any CPU
		{38247B62-82BF-4C53-A4A6-9FFEDC88EB95}.Release|Any CPU.Build.0 = Release|Any CPU
		{38247B62-82BF-4C53-A4A6-9FFEDC88EB95}.Release|ARM.ActiveCfg = Release|Any CPU
		{38247B62-82BF-4C53-A4A6-9FFEDC88EB95}.Release|x64.ActiveCfg = Release|Any CPU
		{38247B62-82BF-4C53-A4A6-9FFEDC88EB95}.Release|x86.ActiveCfg = Release|Any CPU
		{C7FE7410-7FDF-4715-BFA7-6854B1A6322E}.Debug|Any CPU.ActiveCfg = Debug|Any CPU
		{C7FE7410-7FDF-4715-BFA7-6854B1A6322E}.Debug|Any CPU.Build.0 = Debug|Any CPU
		{C7FE7410-7FDF-4715-BFA7-6854B1A6322E}.Debug|Any CPU.Deploy.0 = Debug|Any CPU
		{C7FE7410-7FDF-4715-BFA7-6854B1A6322E}.Debug|ARM.ActiveCfg = Debug|ARM
		{C7FE7410-7FDF-4715-BFA7-6854B1A6322E}.Debug|ARM.Build.0 = Debug|ARM
		{C7FE7410-7FDF-4715-BFA7-6854B1A6322E}.Debug|ARM.Deploy.0 = Debug|ARM
		{C7FE7410-7FDF-4715-BFA7-6854B1A6322E}.Debug|x64.ActiveCfg = Debug|x64
		{C7FE7410-7FDF-4715-BFA7-6854B1A6322E}.Debug|x64.Build.0 = Debug|x64
		{C7FE7410-7FDF-4715-BFA7-6854B1A6322E}.Debug|x64.Deploy.0 = Debug|x64
		{C7FE7410-7FDF-4715-BFA7-6854B1A6322E}.Debug|x86.ActiveCfg = Debug|x86
		{C7FE7410-7FDF-4715-BFA7-6854B1A6322E}.Debug|x86.Build.0 = Debug|x86
		{C7FE7410-7FDF-4715-BFA7-6854B1A6322E}.Debug|x86.Deploy.0 = Debug|x86
		{C7FE7410-7FDF-4715-BFA7-6854B1A6322E}.Release|Any CPU.ActiveCfg = Release|Any CPU
		{C7FE7410-7FDF-4715-BFA7-6854B1A6322E}.Release|Any CPU.Build.0 = Release|Any CPU
		{C7FE7410-7FDF-4715-BFA7-6854B1A6322E}.Release|Any CPU.Deploy.0 = Release|Any CPU
		{C7FE7410-7FDF-4715-BFA7-6854B1A6322E}.Release|ARM.ActiveCfg = Release|ARM
		{C7FE7410-7FDF-4715-BFA7-6854B1A6322E}.Release|ARM.Build.0 = Release|ARM
		{C7FE7410-7FDF-4715-BFA7-6854B1A6322E}.Release|ARM.Deploy.0 = Release|ARM
		{C7FE7410-7FDF-4715-BFA7-6854B1A6322E}.Release|x64.ActiveCfg = Release|x64
		{C7FE7410-7FDF-4715-BFA7-6854B1A6322E}.Release|x64.Build.0 = Release|x64
		{C7FE7410-7FDF-4715-BFA7-6854B1A6322E}.Release|x64.Deploy.0 = Release|x64
		{C7FE7410-7FDF-4715-BFA7-6854B1A6322E}.Release|x86.ActiveCfg = Release|x86
		{C7FE7410-7FDF-4715-BFA7-6854B1A6322E}.Release|x86.Build.0 = Release|x86
		{C7FE7410-7FDF-4715-BFA7-6854B1A6322E}.Release|x86.Deploy.0 = Release|x86
	EndGlobalSection
	GlobalSection(SolutionProperties) = preSolution
		HideSolutionNode = FALSE
	EndGlobalSection
EndGlobal
