
Microsoft Visual Studio Solution File, Format Version 12.00
# Visual Studio 2012
Project("{FAE04EC0-301F-11D3-BF4B-00C04F79EFBC}") = "CustomWhenAny", "ConsoleApplication2\CustomWhenAny.csproj", "{2E26421E-D98A-471C-BC7B-90E93403A0DF}"
EndProject
Project("{FAE04EC0-301F-11D3-BF4B-00C04F79EFBC}") = "CompositeAsyncAwait", "BreakingBad\CompositeAsyncAwait.csproj", "{1F708116-DA47-43E3-A8FF-68D7BA890C02}"
EndProject
Global
	GlobalSection(SolutionConfigurationPlatforms) = preSolution
		Debug|Any CPU = Debug|Any CPU
		Release|Any CPU = Release|Any CPU
	EndGlobalSection
	GlobalSection(ProjectConfigurationPlatforms) = postSolution
		{2E26421E-D98A-471C-BC7B-90E93403A0DF}.Debug|Any CPU.ActiveCfg = Debug|Any CPU
		{2E26421E-D98A-471C-BC7B-90E93403A0DF}.Debug|Any CPU.Build.0 = Debug|Any CPU
		{2E26421E-D98A-471C-BC7B-90E93403A0DF}.Release|Any CPU.ActiveCfg = Release|Any CPU
		{2E26421E-D98A-471C-BC7B-90E93403A0DF}.Release|Any CPU.Build.0 = Release|Any CPU
		{1F708116-DA47-43E3-A8FF-68D7BA890C02}.Debug|Any CPU.ActiveCfg = Debug|Any CPU
		{1F708116-DA47-43E3-A8FF-68D7BA890C02}.Debug|Any CPU.Build.0 = Debug|Any CPU
		{1F708116-DA47-43E3-A8FF-68D7BA890C02}.Release|Any CPU.ActiveCfg = Release|Any CPU
		{1F708116-DA47-43E3-A8FF-68D7BA890C02}.Release|Any CPU.Build.0 = Release|Any CPU
	EndGlobalSection
	GlobalSection(SolutionProperties) = preSolution
		HideSolutionNode = FALSE
	EndGlobalSection
EndGlobal
